// !$*UTF8*$!
{
	archiveVersion = 1;
	classes = {
	};
	objectVersion = 56;
	objects = {

/* Begin PBXBuildFile section */
		58449B0A2921D1F80026F6AB /* CoverImageView.swift in Sources */ = {isa = PBXBuildFile; fileRef = 58449B092921D1F80026F6AB /* CoverImageView.swift */; };
		58449B0E292389750026F6AB /* WidthView.swift in Sources */ = {isa = PBXBuildFile; fileRef = 58449B0D292389750026F6AB /* WidthView.swift */; };
		58449B102923897E0026F6AB /* HeightView.swift in Sources */ = {isa = PBXBuildFile; fileRef = 58449B0F2923897E0026F6AB /* HeightView.swift */; };
		58449B122923898D0026F6AB /* ContainView.swift in Sources */ = {isa = PBXBuildFile; fileRef = 58449B112923898D0026F6AB /* ContainView.swift */; };
		58449B14292399B50026F6AB /* View.swift in Sources */ = {isa = PBXBuildFile; fileRef = 58449B13292399B50026F6AB /* View.swift */; };
		585C5E1828E7E84900DCB355 /* PublicationCoverImageApp.swift in Sources */ = {isa = PBXBuildFile; fileRef = 585C5E1728E7E84900DCB355 /* PublicationCoverImageApp.swift */; };
		585C5E1A28E7E84900DCB355 /* ContentView.swift in Sources */ = {isa = PBXBuildFile; fileRef = 585C5E1928E7E84900DCB355 /* ContentView.swift */; };
		585C5E1C28E7E84900DCB355 /* Assets.xcassets in Resources */ = {isa = PBXBuildFile; fileRef = 585C5E1B28E7E84900DCB355 /* Assets.xcassets */; };
		585C5E2028E7E84900DCB355 /* Preview Assets.xcassets in Resources */ = {isa = PBXBuildFile; fileRef = 585C5E1F28E7E84900DCB355 /* Preview Assets.xcassets */; };
/* End PBXBuildFile section */

/* Begin PBXFileReference section */
		58449B092921D1F80026F6AB /* CoverImageView.swift */ = {isa = PBXFileReference; lastKnownFileType = sourcecode.swift; path = CoverImageView.swift; sourceTree = "<group>"; };
		58449B0D292389750026F6AB /* WidthView.swift */ = {isa = PBXFileReference; lastKnownFileType = sourcecode.swift; path = WidthView.swift; sourceTree = "<group>"; };
		58449B0F2923897E0026F6AB /* HeightView.swift */ = {isa = PBXFileReference; lastKnownFileType = sourcecode.swift; path = HeightView.swift; sourceTree = "<group>"; };
		58449B112923898D0026F6AB /* ContainView.swift */ = {isa = PBXFileReference; lastKnownFileType = sourcecode.swift; path = ContainView.swift; sourceTree = "<group>"; };
		58449B13292399B50026F6AB /* View.swift */ = {isa = PBXFileReference; lastKnownFileType = sourcecode.swift; path = View.swift; sourceTree = "<group>"; };
		585C5E1428E7E84900DCB355 /* PublicationCoverImage.app */ = {isa = PBXFileReference; explicitFileType = wrapper.application; includeInIndex = 0; path = PublicationCoverImage.app; sourceTree = BUILT_PRODUCTS_DIR; };
		585C5E1728E7E84900DCB355 /* PublicationCoverImageApp.swift */ = {isa = PBXFileReference; lastKnownFileType = sourcecode.swift; path = PublicationCoverImageApp.swift; sourceTree = "<group>"; };
		585C5E1928E7E84900DCB355 /* ContentView.swift */ = {isa = PBXFileReference; lastKnownFileType = sourcecode.swift; path = ContentView.swift; sourceTree = "<group>"; };
		585C5E1B28E7E84900DCB355 /* Assets.xcassets */ = {isa = PBXFileReference; lastKnownFileType = folder.assetcatalog; path = Assets.xcassets; sourceTree = "<group>"; };
		585C5E1D28E7E84900DCB355 /* PublicationCoverImage.entitlements */ = {isa = PBXFileReference; lastKnownFileType = text.plist.entitlements; path = PublicationCoverImage.entitlements; sourceTree = "<group>"; };
		585C5E1F28E7E84900DCB355 /* Preview Assets.xcassets */ = {isa = PBXFileReference; lastKnownFileType = folder.assetcatalog; path = "Preview Assets.xcassets"; sourceTree = "<group>"; };
/* End PBXFileReference section */

/* Begin PBXFrameworksBuildPhase section */
		585C5E1128E7E84900DCB355 /* Frameworks */ = {
			isa = PBXFrameworksBuildPhase;
			buildActionMask = 2147483647;
			files = (
			);
			runOnlyForDeploymentPostprocessing = 0;
		};
/* End PBXFrameworksBuildPhase section */

/* Begin PBXGroup section */
		585C5E0B28E7E84900DCB355 = {
			isa = PBXGroup;
			children = (
				585C5E1628E7E84900DCB355 /* PublicationCoverImage */,
				585C5E1528E7E84900DCB355 /* Products */,
			);
			sourceTree = "<group>";
		};
		585C5E1528E7E84900DCB355 /* Products */ = {
			isa = PBXGroup;
			children = (
				585C5E1428E7E84900DCB355 /* PublicationCoverImage.app */,
			);
			name = Products;
			sourceTree = "<group>";
		};
		585C5E1628E7E84900DCB355 /* PublicationCoverImage */ = {
			isa = PBXGroup;
			children = (
				585C5E1728E7E84900DCB355 /* PublicationCoverImageApp.swift */,
				585C5E1928E7E84900DCB355 /* ContentView.swift */,
				58449B0D292389750026F6AB /* WidthView.swift */,
				58449B0F2923897E0026F6AB /* HeightView.swift */,
				58449B112923898D0026F6AB /* ContainView.swift */,
				585C5E1B28E7E84900DCB355 /* Assets.xcassets */,
				585C5E1D28E7E84900DCB355 /* PublicationCoverImage.entitlements */,
				585C5E1E28E7E84900DCB355 /* Preview Content */,
				58449B092921D1F80026F6AB /* CoverImageView.swift */,
				58449B13292399B50026F6AB /* View.swift */,
			);
			path = PublicationCoverImage;
			sourceTree = "<group>";
		};
		585C5E1E28E7E84900DCB355 /* Preview Content */ = {
			isa = PBXGroup;
			children = (
				585C5E1F28E7E84900DCB355 /* Preview Assets.xcassets */,
			);
			path = "Preview Content";
			sourceTree = "<group>";
		};
/* End PBXGroup section */

/* Begin PBXNativeTarget section */
		585C5E1328E7E84900DCB355 /* PublicationCoverImage */ = {
			isa = PBXNativeTarget;
			buildConfigurationList = 585C5E2328E7E84900DCB355 /* Build configuration list for PBXNativeTarget "PublicationCoverImage" */;
			buildPhases = (
				585C5E1028E7E84900DCB355 /* Sources */,
				585C5E1128E7E84900DCB355 /* Frameworks */,
				585C5E1228E7E84900DCB355 /* Resources */,
			);
			buildRules = (
			);
			dependencies = (
			);
			name = PublicationCoverImage;
			productName = PublicationCoverImage;
			productReference = 585C5E1428E7E84900DCB355 /* PublicationCoverImage.app */;
			productType = "com.apple.product-type.application";
		};
/* End PBXNativeTarget section */

/* Begin PBXProject section */
		585C5E0C28E7E84900DCB355 /* Project object */ = {
			isa = PBXProject;
			attributes = {
				BuildIndependentTargetsInParallel = 1;
				LastSwiftUpdateCheck = 1400;
				LastUpgradeCheck = 1400;
				TargetAttributes = {
					585C5E1328E7E84900DCB355 = {
						CreatedOnToolsVersion = 14.0.1;
					};
				};
			};
			buildConfigurationList = 585C5E0F28E7E84900DCB355 /* Build configuration list for PBXProject "PublicationCoverImage" */;
			compatibilityVersion = "Xcode 14.0";
			developmentRegion = en;
			hasScannedForEncodings = 0;
			knownRegions = (
				en,
				Base,
			);
			mainGroup = 585C5E0B28E7E84900DCB355;
			productRefGroup = 585C5E1528E7E84900DCB355 /* Products */;
			projectDirPath = "";
			projectRoot = "";
			targets = (
				585C5E1328E7E84900DCB355 /* PublicationCoverImage */,
			);
		};
/* End PBXProject section */

/* Begin PBXResourcesBuildPhase section */
		585C5E1228E7E84900DCB355 /* Resources */ = {
			isa = PBXResourcesBuildPhase;
			buildActionMask = 2147483647;
			files = (
				585C5E2028E7E84900DCB355 /* Preview Assets.xcassets in Resources */,
				585C5E1C28E7E84900DCB355 /* Assets.xcassets in Resources */,
			);
			runOnlyForDeploymentPostprocessing = 0;
		};
/* End PBXResourcesBuildPhase section */

/* Begin PBXSourcesBuildPhase section */
		585C5E1028E7E84900DCB355 /* Sources */ = {
			isa = PBXSourcesBuildPhase;
			buildActionMask = 2147483647;
			files = (
				58449B0A2921D1F80026F6AB /* CoverImageView.swift in Sources */,
				58449B0E292389750026F6AB /* WidthView.swift in Sources */,
				585C5E1A28E7E84900DCB355 /* ContentView.swift in Sources */,
				58449B102923897E0026F6AB /* HeightView.swift in Sources */,
				585C5E1828E7E84900DCB355 /* PublicationCoverImageApp.swift in Sources */,
				58449B14292399B50026F6AB /* View.swift in Sources */,
				58449B122923898D0026F6AB /* ContainView.swift in Sources */,
			);
			runOnlyForDeploymentPostprocessing = 0;
		};
/* End PBXSourcesBuildPhase section */

/* Begin XCBuildConfiguration section */
		585C5E2128E7E84900DCB355 /* Debug */ = {
			isa = XCBuildConfiguration;
			buildSettings = {
				ALWAYS_SEARCH_USER_PATHS = NO;
				CLANG_ANALYZER_NONNULL = YES;
				CLANG_ANALYZER_NUMBER_OBJECT_CONVERSION = YES_AGGRESSIVE;
				CLANG_CXX_LANGUAGE_STANDARD = "gnu++20";
				CLANG_ENABLE_MODULES = YES;
				CLANG_ENABLE_OBJC_ARC = YES;
				CLANG_ENABLE_OBJC_WEAK = YES;
				CLANG_WARN_BLOCK_CAPTURE_AUTORELEASING = YES;
				CLANG_WARN_BOOL_CONVERSION = YES;
				CLANG_WARN_COMMA = YES;
				CLANG_WARN_CONSTANT_CONVERSION = YES;
				CLANG_WARN_DEPRECATED_OBJC_IMPLEMENTATIONS = YES;
				CLANG_WARN_DIRECT_OBJC_ISA_USAGE = YES_ERROR;
				CLANG_WARN_DOCUMENTATION_COMMENTS = YES;
				CLANG_WARN_EMPTY_BODY = YES;
				CLANG_WARN_ENUM_CONVERSION = YES;
				CLANG_WARN_INFINITE_RECURSION = YES;
				CLANG_WARN_INT_CONVERSION = YES;
				CLANG_WARN_NON_LITERAL_NULL_CONVERSION = YES;
				CLANG_WARN_OBJC_IMPLICIT_RETAIN_SELF = YES;
				CLANG_WARN_OBJC_LITERAL_CONVERSION = YES;
				CLANG_WARN_OBJC_ROOT_CLASS = YES_ERROR;
				CLANG_WARN_QUOTED_INCLUDE_IN_FRAMEWORK_HEADER = YES;
				CLANG_WARN_RANGE_LOOP_ANALYSIS = YES;
				CLANG_WARN_STRICT_PROTOTYPES = YES;
				CLANG_WARN_SUSPICIOUS_MOVE = YES;
				CLANG_WARN_UNGUARDED_AVAILABILITY = YES_AGGRESSIVE;
				CLANG_WARN_UNREACHABLE_CODE = YES;
				CLANG_WARN__DUPLICATE_METHOD_MATCH = YES;
				COPY_PHASE_STRIP = NO;
				DEBUG_INFORMATION_FORMAT = dwarf;
				ENABLE_STRICT_OBJC_MSGSEND = YES;
				ENABLE_TESTABILITY = YES;
				GCC_C_LANGUAGE_STANDARD = gnu11;
				GCC_DYNAMIC_NO_PIC = NO;
				GCC_NO_COMMON_BLOCKS = YES;
				GCC_OPTIMIZATION_LEVEL = 0;
				GCC_PREPROCESSOR_DEFINITIONS = (
					"DEBUG=1",
					"$(inherited)",
				);
				GCC_WARN_64_TO_32_BIT_CONVERSION = YES;
				GCC_WARN_ABOUT_RETURN_TYPE = YES_ERROR;
				GCC_WARN_UNDECLARED_SELECTOR = YES;
				GCC_WARN_UNINITIALIZED_AUTOS = YES_AGGRESSIVE;
				GCC_WARN_UNUSED_FUNCTION = YES;
				GCC_WARN_UNUSED_VARIABLE = YES;
				MTL_ENABLE_DEBUG_INFO = INCLUDE_SOURCE;
				MTL_FAST_MATH = YES;
				ONLY_ACTIVE_ARCH = YES;
				SWIFT_ACTIVE_COMPILATION_CONDITIONS = DEBUG;
				SWIFT_OPTIMIZATION_LEVEL = "-Onone";
			};
			name = Debug;
		};
		585C5E2228E7E84900DCB355 /* Release */ = {
			isa = XCBuildConfiguration;
			buildSettings = {
				ALWAYS_SEARCH_USER_PATHS = NO;
				CLANG_ANALYZER_NONNULL = YES;
				CLANG_ANALYZER_NUMBER_OBJECT_CONVERSION = YES_AGGRESSIVE;
				CLANG_CXX_LANGUAGE_STANDARD = "gnu++20";
				CLANG_ENABLE_MODULES = YES;
				CLANG_ENABLE_OBJC_ARC = YES;
				CLANG_ENABLE_OBJC_WEAK = YES;
				CLANG_WARN_BLOCK_CAPTURE_AUTORELEASING = YES;
				CLANG_WARN_BOOL_CONVERSION = YES;
				CLANG_WARN_COMMA = YES;
				CLANG_WARN_CONSTANT_CONVERSION = YES;
				CLANG_WARN_DEPRECATED_OBJC_IMPLEMENTATIONS = YES;
				CLANG_WARN_DIRECT_OBJC_ISA_USAGE = YES_ERROR;
				CLANG_WARN_DOCUMENTATION_COMMENTS = YES;
				CLANG_WARN_EMPTY_BODY = YES;
				CLANG_WARN_ENUM_CONVERSION = YES;
				CLANG_WARN_INFINITE_RECURSION = YES;
				CLANG_WARN_INT_CONVERSION = YES;
				CLANG_WARN_NON_LITERAL_NULL_CONVERSION = YES;
				CLANG_WARN_OBJC_IMPLICIT_RETAIN_SELF = YES;
				CLANG_WARN_OBJC_LITERAL_CONVERSION = YES;
				CLANG_WARN_OBJC_ROOT_CLASS = YES_ERROR;
				CLANG_WARN_QUOTED_INCLUDE_IN_FRAMEWORK_HEADER = YES;
				CLANG_WARN_RANGE_LOOP_ANALYSIS = YES;
				CLANG_WARN_STRICT_PROTOTYPES = YES;
				CLANG_WARN_SUSPICIOUS_MOVE = YES;
				CLANG_WARN_UNGUARDED_AVAILABILITY = YES_AGGRESSIVE;
				CLANG_WARN_UNREACHABLE_CODE = YES;
				CLANG_WARN__DUPLICATE_METHOD_MATCH = YES;
				COPY_PHASE_STRIP = NO;
				DEBUG_INFORMATION_FORMAT = "dwarf-with-dsym";
				ENABLE_NS_ASSERTIONS = NO;
				ENABLE_STRICT_OBJC_MSGSEND = YES;
				GCC_C_LANGUAGE_STANDARD = gnu11;
				GCC_NO_COMMON_BLOCKS = YES;
				GCC_WARN_64_TO_32_BIT_CONVERSION = YES;
				GCC_WARN_ABOUT_RETURN_TYPE = YES_ERROR;
				GCC_WARN_UNDECLARED_SELECTOR = YES;
				GCC_WARN_UNINITIALIZED_AUTOS = YES_AGGRESSIVE;
				GCC_WARN_UNUSED_FUNCTION = YES;
				GCC_WARN_UNUSED_VARIABLE = YES;
				MTL_ENABLE_DEBUG_INFO = NO;
				MTL_FAST_MATH = YES;
				SWIFT_COMPILATION_MODE = wholemodule;
				SWIFT_OPTIMIZATION_LEVEL = "-O";
			};
			name = Release;
		};
		585C5E2428E7E84900DCB355 /* Debug */ = {
			isa = XCBuildConfiguration;
			buildSettings = {
				ASSETCATALOG_COMPILER_APPICON_NAME = AppIcon;
				ASSETCATALOG_COMPILER_GLOBAL_ACCENT_COLOR_NAME = AccentColor;
				CODE_SIGN_ENTITLEMENTS = PublicationCoverImage/PublicationCoverImage.entitlements;
				CODE_SIGN_STYLE = Automatic;
				CURRENT_PROJECT_VERSION = 1;
				DEVELOPMENT_ASSET_PATHS = "\"PublicationCoverImage/Preview Content\"";
				DEVELOPMENT_TEAM = 3QP54E7N58;
				ENABLE_HARDENED_RUNTIME = YES;
				ENABLE_PREVIEWS = YES;
				GENERATE_INFOPLIST_FILE = YES;
				"INFOPLIST_KEY_UIApplicationSceneManifest_Generation[sdk=iphoneos*]" = YES;
				"INFOPLIST_KEY_UIApplicationSceneManifest_Generation[sdk=iphonesimulator*]" = YES;
				"INFOPLIST_KEY_UIApplicationSupportsIndirectInputEvents[sdk=iphoneos*]" = YES;
				"INFOPLIST_KEY_UIApplicationSupportsIndirectInputEvents[sdk=iphonesimulator*]" = YES;
				"INFOPLIST_KEY_UILaunchScreen_Generation[sdk=iphoneos*]" = YES;
				"INFOPLIST_KEY_UILaunchScreen_Generation[sdk=iphonesimulator*]" = YES;
				"INFOPLIST_KEY_UIStatusBarStyle[sdk=iphoneos*]" = UIStatusBarStyleDefault;
				"INFOPLIST_KEY_UIStatusBarStyle[sdk=iphonesimulator*]" = UIStatusBarStyleDefault;
				INFOPLIST_KEY_UISupportedInterfaceOrientations_iPad = "UIInterfaceOrientationPortrait UIInterfaceOrientationPortraitUpsideDown UIInterfaceOrientationLandscapeLeft UIInterfaceOrientationLandscapeRight";
				INFOPLIST_KEY_UISupportedInterfaceOrientations_iPhone = "UIInterfaceOrientationPortrait UIInterfaceOrientationLandscapeLeft UIInterfaceOrientationLandscapeRight";
				IPHONEOS_DEPLOYMENT_TARGET = 16.0;
				LD_RUNPATH_SEARCH_PATHS = "@executable_path/Frameworks";
				"LD_RUNPATH_SEARCH_PATHS[sdk=macosx*]" = "@executable_path/../Frameworks";
				MACOSX_DEPLOYMENT_TARGET = 12.3;
				MARKETING_VERSION = 1.0;
				PRODUCT_BUNDLE_IDENTIFIER = com.yunshenit.PublicationCoverImage;
				PRODUCT_NAME = "$(TARGET_NAME)";
				SDKROOT = auto;
				SUPPORTED_PLATFORMS = "iphoneos iphonesimulator macosx";
				SWIFT_EMIT_LOC_STRINGS = YES;
				SWIFT_VERSION = 5.0;
				TARGETED_DEVICE_FAMILY = "1,2";
			};
			name = Debug;
		};
		585C5E2528E7E84900DCB355 /* Release */ = {
			isa = XCBuildConfiguration;
			buildSettings = {
				ASSETCATALOG_COMPILER_APPICON_NAME = AppIcon;
				ASSETCATALOG_COMPILER_GLOBAL_ACCENT_COLOR_NAME = AccentColor;
				CODE_SIGN_ENTITLEMENTS = PublicationCoverImage/PublicationCoverImage.entitlements;
				CODE_SIGN_STYLE = Automatic;
				CURRENT_PROJECT_VERSION = 1;
				DEVELOPMENT_ASSET_PATHS = "\"PublicationCoverImage/Preview Content\"";
				DEVELOPMENT_TEAM = 3QP54E7N58;
				ENABLE_HARDENED_RUNTIME = YES;
				ENABLE_PREVIEWS = YES;
				GENERATE_INFOPLIST_FILE = YES;
				"INFOPLIST_KEY_UIApplicationSceneManifest_Generation[sdk=iphoneos*]" = YES;
				"INFOPLIST_KEY_UIApplicationSceneManifest_Generation[sdk=iphonesimulator*]" = YES;
				"INFOPLIST_KEY_UIApplicationSupportsIndirectInputEvents[sdk=iphoneos*]" = YES;
				"INFOPLIST_KEY_UIApplicationSupportsIndirectInputEvents[sdk=iphonesimulator*]" = YES;
				"INFOPLIST_KEY_UILaunchScreen_Generation[sdk=iphoneos*]" = YES;
				"INFOPLIST_KEY_UILaunchScreen_Generation[sdk=iphonesimulator*]" = YES;
				"INFOPLIST_KEY_UIStatusBarStyle[sdk=iphoneos*]" = UIStatusBarStyleDefault;
				"INFOPLIST_KEY_UIStatusBarStyle[sdk=iphonesimulator*]" = UIStatusBarStyleDefault;
				INFOPLIST_KEY_UISupportedInterfaceOrientations_iPad = "UIInterfaceOrientationPortrait UIInterfaceOrientationPortraitUpsideDown UIInterfaceOrientationLandscapeLeft UIInterfaceOrientationLandscapeRight";
				INFOPLIST_KEY_UISupportedInterfaceOrientations_iPhone = "UIInterfaceOrientationPortrait UIInterfaceOrientationLandscapeLeft UIInterfaceOrientationLandscapeRight";
				IPHONEOS_DEPLOYMENT_TARGET = 16.0;
				LD_RUNPATH_SEARCH_PATHS = "@executable_path/Frameworks";
				"LD_RUNPATH_SEARCH_PATHS[sdk=macosx*]" = "@executable_path/../Frameworks";
				MACOSX_DEPLOYMENT_TARGET = 12.3;
				MARKETING_VERSION = 1.0;
				PRODUCT_BUNDLE_IDENTIFIER = com.yunshenit.PublicationCoverImage;
				PRODUCT_NAME = "$(TARGET_NAME)";
				SDKROOT = auto;
				SUPPORTED_PLATFORMS = "iphoneos iphonesimulator macosx";
				SWIFT_EMIT_LOC_STRINGS = YES;
				SWIFT_VERSION = 5.0;
				TARGETED_DEVICE_FAMILY = "1,2";
			};
			name = Release;
		};
/* End XCBuildConfiguration section */

/* Begin XCConfigurationList section */
		585C5E0F28E7E84900DCB355 /* Build configuration list for PBXProject "PublicationCoverImage" */ = {
			isa = XCConfigurationList;
			buildConfigurations = (
				585C5E2128E7E84900DCB355 /* Debug */,
				585C5E2228E7E84900DCB355 /* Release */,
			);
			defaultConfigurationIsVisible = 0;
			defaultConfigurationName = Release;
		};
		585C5E2328E7E84900DCB355 /* Build configuration list for PBXNativeTarget "PublicationCoverImage" */ = {
			isa = XCConfigurationList;
			buildConfigurations = (
				585C5E2428E7E84900DCB355 /* Debug */,
				585C5E2528E7E84900DCB355 /* Release */,
			);
			defaultConfigurationIsVisible = 0;
			defaultConfigurationName = Release;
		};
/* End XCConfigurationList section */
	};
	rootObject = 585C5E0C28E7E84900DCB355 /* Project object */;
}
